// !$*UTF8*$!
{
	archiveVersion = 1;
	classes = {
	};
	objectVersion = 46;
	objects = {

/* Begin PBXBuildFile section */
		271884971AC0CBFD0053C8AA /* AppDelegate.swift in Sources */ = {isa = PBXBuildFile; fileRef = 271884961AC0CBFD0053C8AA /* AppDelegate.swift */; };
		2718849A1AC0CBFE0053C8AA /* Untapped_Rally.xcdatamodeld in Sources */ = {isa = PBXBuildFile; fileRef = 271884981AC0CBFD0053C8AA /* Untapped_Rally.xcdatamodeld */; };
		2718849C1AC0CBFE0053C8AA /* ViewController.swift in Sources */ = {isa = PBXBuildFile; fileRef = 2718849B1AC0CBFE0053C8AA /* ViewController.swift */; };
		2718849F1AC0CBFE0053C8AA /* Main.storyboard in Resources */ = {isa = PBXBuildFile; fileRef = 2718849D1AC0CBFE0053C8AA /* Main.storyboard */; };
		271884A11AC0CBFE0053C8AA /* Images.xcassets in Resources */ = {isa = PBXBuildFile; fileRef = 271884A01AC0CBFE0053C8AA /* Images.xcassets */; };
		271884A41AC0CBFF0053C8AA /* LaunchScreen.xib in Resources */ = {isa = PBXBuildFile; fileRef = 271884A21AC0CBFF0053C8AA /* LaunchScreen.xib */; };
		271884B01AC0CBFF0053C8AA /* Untapped_RallyTests.swift in Sources */ = {isa = PBXBuildFile; fileRef = 271884AF1AC0CBFF0053C8AA /* Untapped_RallyTests.swift */; };
/* End PBXBuildFile section */

/* Begin PBXContainerItemProxy section */
		271884AA1AC0CBFF0053C8AA /* PBXContainerItemProxy */ = {
			isa = PBXContainerItemProxy;
			containerPortal = 271884891AC0CBFC0053C8AA /* Project object */;
			proxyType = 1;
			remoteGlobalIDString = 271884901AC0CBFC0053C8AA;
			remoteInfo = "Untapped Rally";
		};
/* End PBXContainerItemProxy section */

/* Begin PBXFileReference section */
		271884911AC0CBFC0053C8AA /* Untapped Rally.app */ = {isa = PBXFileReference; explicitFileType = wrapper.application; includeInIndex = 0; path = "Untapped Rally.app"; sourceTree = BUILT_PRODUCTS_DIR; };
		271884951AC0CBFD0053C8AA /* Info.plist */ = {isa = PBXFileReference; lastKnownFileType = text.plist.xml; path = Info.plist; sourceTree = "<group>"; };
		271884961AC0CBFD0053C8AA /* AppDelegate.swift */ = {isa = PBXFileReference; lastKnownFileType = sourcecode.swift; path = AppDelegate.swift; sourceTree = "<group>"; };
		271884991AC0CBFE0053C8AA /* Untapped_Rally.xcdatamodel */ = {isa = PBXFileReference; lastKnownFileType = wrapper.xcdatamodel; path = Untapped_Rally.xcdatamodel; sourceTree = "<group>"; };
		2718849B1AC0CBFE0053C8AA /* ViewController.swift */ = {isa = PBXFileReference; lastKnownFileType = sourcecode.swift; path = ViewController.swift; sourceTree = "<group>"; };
		2718849E1AC0CBFE0053C8AA /* Base */ = {isa = PBXFileReference; lastKnownFileType = file.storyboard; name = Base; path = Base.lproj/Main.storyboard; sourceTree = "<group>"; };
		271884A01AC0CBFE0053C8AA /* Images.xcassets */ = {isa = PBXFileReference; lastKnownFileType = folder.assetcatalog; path = Images.xcassets; sourceTree = "<group>"; };
		271884A31AC0CBFF0053C8AA /* Base */ = {isa = PBXFileReference; lastKnownFileType = file.xib; name = Base; path = Base.lproj/LaunchScreen.xib; sourceTree = "<group>"; };
		271884A91AC0CBFF0053C8AA /* Untapped RallyTests.xctest */ = {isa = PBXFileReference; explicitFileType = wrapper.cfbundle; includeInIndex = 0; path = "Untapped RallyTests.xctest"; sourceTree = BUILT_PRODUCTS_DIR; };
		271884AE1AC0CBFF0053C8AA /* Info.plist */ = {isa = PBXFileReference; lastKnownFileType = text.plist.xml; path = Info.plist; sourceTree = "<group>"; };
		271884AF1AC0CBFF0053C8AA /* Untapped_RallyTests.swift */ = {isa = PBXFileReference; lastKnownFileType = sourcecode.swift; path = Untapped_RallyTests.swift; sourceTree = "<group>"; };
/* End PBXFileReference section */

/* Begin PBXFrameworksBuildPhase section */
		2718848E1AC0CBFC0053C8AA /* Frameworks */ = {
			isa = PBXFrameworksBuildPhase;
			buildActionMask = 2147483647;
			files = (
			);
			runOnlyForDeploymentPostprocessing = 0;
		};
		271884A61AC0CBFF0053C8AA /* Frameworks */ = {
			isa = PBXFrameworksBuildPhase;
			buildActionMask = 2147483647;
			files = (
			);
			runOnlyForDeploymentPostprocessing = 0;
		};
/* End PBXFrameworksBuildPhase section */

/* Begin PBXGroup section */
		271884881AC0CBFC0053C8AA = {
			isa = PBXGroup;
			children = (
				271884931AC0CBFD0053C8AA /* Untapped Rally */,
				271884AC1AC0CBFF0053C8AA /* Untapped RallyTests */,
				271884921AC0CBFC0053C8AA /* Products */,
			);
			sourceTree = "<group>";
		};
		271884921AC0CBFC0053C8AA /* Products */ = {
			isa = PBXGroup;
			children = (
				271884911AC0CBFC0053C8AA /* Untapped Rally.app */,
				271884A91AC0CBFF0053C8AA /* Untapped RallyTests.xctest */,
			);
			name = Products;
			sourceTree = "<group>";
		};
		271884931AC0CBFD0053C8AA /* Untapped Rally */ = {
			isa = PBXGroup;
			children = (
				271884961AC0CBFD0053C8AA /* AppDelegate.swift */,
				2718849B1AC0CBFE0053C8AA /* ViewController.swift */,
				2718849D1AC0CBFE0053C8AA /* Main.storyboard */,
				271884A01AC0CBFE0053C8AA /* Images.xcassets */,
				271884A21AC0CBFF0053C8AA /* LaunchScreen.xib */,
				271884981AC0CBFD0053C8AA /* Untapped_Rally.xcdatamodeld */,
				271884941AC0CBFD0053C8AA /* Supporting Files */,
			);
			path = "Untapped Rally";
			sourceTree = "<group>";
		};
		271884941AC0CBFD0053C8AA /* Supporting Files */ = {
			isa = PBXGroup;
			children = (
				271884951AC0CBFD0053C8AA /* Info.plist */,
			);
			name = "Supporting Files";
			sourceTree = "<group>";
		};
		271884AC1AC0CBFF0053C8AA /* Untapped RallyTests */ = {
			isa = PBXGroup;
			children = (
				271884AF1AC0CBFF0053C8AA /* Untapped_RallyTests.swift */,
				271884AD1AC0CBFF0053C8AA /* Supporting Files */,
			);
			path = "Untapped RallyTests";
			sourceTree = "<group>";
		};
		271884AD1AC0CBFF0053C8AA /* Supporting Files */ = {
			isa = PBXGroup;
			children = (
				271884AE1AC0CBFF0053C8AA /* Info.plist */,
			);
			name = "Supporting Files";
			sourceTree = "<group>";
		};
/* End PBXGroup section */

/* Begin PBXNativeTarget section */
		271884901AC0CBFC0053C8AA /* Untapped Rally */ = {
			isa = PBXNativeTarget;
			buildConfigurationList = 271884B31AC0CBFF0053C8AA /* Build configuration list for PBXNativeTarget "Untapped Rally" */;
			buildPhases = (
				2718848D1AC0CBFC0053C8AA /* Sources */,
				2718848E1AC0CBFC0053C8AA /* Frameworks */,
				2718848F1AC0CBFC0053C8AA /* Resources */,
			);
			buildRules = (
			);
			dependencies = (
			);
			name = "Untapped Rally";
			productName = "Untapped Rally";
			productReference = 271884911AC0CBFC0053C8AA /* Untapped Rally.app */;
			productType = "com.apple.product-type.application";
		};
		271884A81AC0CBFF0053C8AA /* Untapped RallyTests */ = {
			isa = PBXNativeTarget;
			buildConfigurationList = 271884B61AC0CBFF0053C8AA /* Build configuration list for PBXNativeTarget "Untapped RallyTests" */;
			buildPhases = (
				271884A51AC0CBFF0053C8AA /* Sources */,
				271884A61AC0CBFF0053C8AA /* Frameworks */,
				271884A71AC0CBFF0053C8AA /* Resources */,
			);
			buildRules = (
			);
			dependencies = (
				271884AB1AC0CBFF0053C8AA /* PBXTargetDependency */,
			);
			name = "Untapped RallyTests";
			productName = "Untapped RallyTests";
			productReference = 271884A91AC0CBFF0053C8AA /* Untapped RallyTests.xctest */;
			productType = "com.apple.product-type.bundle.unit-test";
		};
/* End PBXNativeTarget section */

/* Begin PBXProject section */
		271884891AC0CBFC0053C8AA /* Project object */ = {
			isa = PBXProject;
			attributes = {
				LastUpgradeCheck = 0620;
				ORGANIZATIONNAME = UntappedKegg;
				TargetAttributes = {
					271884901AC0CBFC0053C8AA = {
						CreatedOnToolsVersion = 6.2;
					};
					271884A81AC0CBFF0053C8AA = {
						CreatedOnToolsVersion = 6.2;
						TestTargetID = 271884901AC0CBFC0053C8AA;
					};
				};
			};
			buildConfigurationList = 2718848C1AC0CBFC0053C8AA /* Build configuration list for PBXProject "Untapped Rally" */;
			compatibilityVersion = "Xcode 3.2";
			developmentRegion = English;
			hasScannedForEncodings = 0;
			knownRegions = (
				en,
				Base,
			);
			mainGroup = 271884881AC0CBFC0053C8AA;
			productRefGroup = 271884921AC0CBFC0053C8AA /* Products */;
			projectDirPath = "";
			projectRoot = "";
			targets = (
				271884901AC0CBFC0053C8AA /* Untapped Rally */,
				271884A81AC0CBFF0053C8AA /* Untapped RallyTests */,
			);
		};
/* End PBXProject section */

/* Begin PBXResourcesBuildPhase section */
		2718848F1AC0CBFC0053C8AA /* Resources */ = {
			isa = PBXResourcesBuildPhase;
			buildActionMask = 2147483647;
			files = (
				2718849F1AC0CBFE0053C8AA /* Main.storyboard in Resources */,
				271884A41AC0CBFF0053C8AA /* LaunchScreen.xib in Resources */,
				271884A11AC0CBFE0053C8AA /* Images.xcassets in Resources */,
			);
			runOnlyForDeploymentPostprocessing = 0;
		};
		271884A71AC0CBFF0053C8AA /* Resources */ = {
			isa = PBXResourcesBuildPhase;
			buildActionMask = 2147483647;
			files = (
			);
			runOnlyForDeploymentPostprocessing = 0;
		};
/* End PBXResourcesBuildPhase section */

/* Begin PBXSourcesBuildPhase section */
		2718848D1AC0CBFC0053C8AA /* Sources */ = {
			isa = PBXSourcesBuildPhase;
			buildActionMask = 2147483647;
			files = (
				2718849C1AC0CBFE0053C8AA /* ViewController.swift in Sources */,
				271884971AC0CBFD0053C8AA /* AppDelegate.swift in Sources */,
				2718849A1AC0CBFE0053C8AA /* Untapped_Rally.xcdatamodeld in Sources */,
			);
			runOnlyForDeploymentPostprocessing = 0;
		};
		271884A51AC0CBFF0053C8AA /* Sources */ = {
			isa = PBXSourcesBuildPhase;
			buildActionMask = 2147483647;
			files = (
				271884B01AC0CBFF0053C8AA /* Untapped_RallyTests.swift in Sources */,
			);
			runOnlyForDeploymentPostprocessing = 0;
		};
/* End PBXSourcesBuildPhase section */

/* Begin PBXTargetDependency section */
		271884AB1AC0CBFF0053C8AA /* PBXTargetDependency */ = {
			isa = PBXTargetDependency;
			target = 271884901AC0CBFC0053C8AA /* Untapped Rally */;
			targetProxy = 271884AA1AC0CBFF0053C8AA /* PBXContainerItemProxy */;
		};
/* End PBXTargetDependency section */

/* Begin PBXVariantGroup section */
		2718849D1AC0CBFE0053C8AA /* Main.storyboard */ = {
			isa = PBXVariantGroup;
			children = (
				2718849E1AC0CBFE0053C8AA /* Base */,
			);
			name = Main.storyboard;
			sourceTree = "<group>";
		};
		271884A21AC0CBFF0053C8AA /* LaunchScreen.xib */ = {
			isa = PBXVariantGroup;
			children = (
				271884A31AC0CBFF0053C8AA /* Base */,
			);
			name = LaunchScreen.xib;
			sourceTree = "<group>";
		};
/* End PBXVariantGroup section */

/* Begin XCBuildConfiguration section */
		271884B11AC0CBFF0053C8AA /* Debug */ = {
			isa = XCBuildConfiguration;
			buildSettings = {
				ALWAYS_SEARCH_USER_PATHS = NO;
				CLANG_CXX_LANGUAGE_STANDARD = "gnu++0x";
				CLANG_CXX_LIBRARY = "libc++";
				CLANG_ENABLE_MODULES = YES;
				CLANG_ENABLE_OBJC_ARC = YES;
				CLANG_WARN_BOOL_CONVERSION = YES;
				CLANG_WARN_CONSTANT_CONVERSION = YES;
				CLANG_WARN_DIRECT_OBJC_ISA_USAGE = YES_ERROR;
				CLANG_WARN_EMPTY_BODY = YES;
				CLANG_WARN_ENUM_CONVERSION = YES;
				CLANG_WARN_INT_CONVERSION = YES;
				CLANG_WARN_OBJC_ROOT_CLASS = YES_ERROR;
				CLANG_WARN_UNREACHABLE_CODE = YES;
				CLANG_WARN__DUPLICATE_METHOD_MATCH = YES;
				"CODE_SIGN_IDENTITY[sdk=iphoneos*]" = "iPhone Developer";
				COPY_PHASE_STRIP = NO;
				ENABLE_STRICT_OBJC_MSGSEND = YES;
				GCC_C_LANGUAGE_STANDARD = gnu99;
				GCC_DYNAMIC_NO_PIC = NO;
				GCC_OPTIMIZATION_LEVEL = 0;
				GCC_PREPROCESSOR_DEFINITIONS = (
					"DEBUG=1",
					"$(inherited)",
				);
				GCC_SYMBOLS_PRIVATE_EXTERN = NO;
				GCC_WARN_64_TO_32_BIT_CONVERSION = YES;
				GCC_WARN_ABOUT_RETURN_TYPE = YES_ERROR;
				GCC_WARN_UNDECLARED_SELECTOR = YES;
				GCC_WARN_UNINITIALIZED_AUTOS = YES_AGGRESSIVE;
				GCC_WARN_UNUSED_FUNCTION = YES;
				GCC_WARN_UNUSED_VARIABLE = YES;
				IPHONEOS_DEPLOYMENT_TARGET = 8.2;
				MTL_ENABLE_DEBUG_INFO = YES;
				ONLY_ACTIVE_ARCH = YES;
				SDKROOT = iphoneos;
				SWIFT_OPTIMIZATION_LEVEL = "-Onone";
				TARGETED_DEVICE_FAMILY = "1,2";
			};
			name = Debug;
		};
		271884B21AC0CBFF0053C8AA /* Release */ = {
			isa = XCBuildConfiguration;
			buildSettings = {
				ALWAYS_SEARCH_USER_PATHS = NO;
				CLANG_CXX_LANGUAGE_STANDARD = "gnu++0x";
				CLANG_CXX_LIBRARY = "libc++";
				CLANG_ENABLE_MODULES = YES;
				CLANG_ENABLE_OBJC_ARC = YES;
				CLANG_WARN_BOOL_CONVERSION = YES;
				CLANG_WARN_CONSTANT_CONVERSION = YES;
				CLANG_WARN_DIRECT_OBJC_ISA_USAGE = YES_ERROR;
				CLANG_WARN_EMPTY_BODY = YES;
				CLANG_WARN_ENUM_CONVERSION = YES;
				CLANG_WARN_INT_CONVERSION = YES;
				CLANG_WARN_OBJC_ROOT_CLASS = YES_ERROR;
				CLANG_WARN_UNREACHABLE_CODE = YES;
				CLANG_WARN__DUPLICATE_METHOD_MATCH = YES;
				"CODE_SIGN_IDENTITY[sdk=iphoneos*]" = "iPhone Developer";
				COPY_PHASE_STRIP = NO;
				ENABLE_NS_ASSERTIONS = NO;
				ENABLE_STRICT_OBJC_MSGSEND = YES;
				GCC_C_LANGUAGE_STANDARD = gnu99;
				GCC_WARN_64_TO_32_BIT_CONVERSION = YES;
				GCC_WARN_ABOUT_RETURN_TYPE = YES_ERROR;
				GCC_WARN_UNDECLARED_SELECTOR = YES;
				GCC_WARN_UNINITIALIZED_AUTOS = YES_AGGRESSIVE;
				GCC_WARN_UNUSED_FUNCTION = YES;
				GCC_WARN_UNUSED_VARIABLE = YES;
				IPHONEOS_DEPLOYMENT_TARGET = 8.2;
				MTL_ENABLE_DEBUG_INFO = NO;
				SDKROOT = iphoneos;
				TARGETED_DEVICE_FAMILY = "1,2";
				VALIDATE_PRODUCT = YES;
			};
			name = Release;
		};
		271884B41AC0CBFF0053C8AA /* Debug */ = {
			isa = XCBuildConfiguration;
			buildSettings = {
				ASSETCATALOG_COMPILER_APPICON_NAME = AppIcon;
				INFOPLIST_FILE = "Untapped Rally/Info.plist";
				LD_RUNPATH_SEARCH_PATHS = "$(inherited) @executable_path/Frameworks";
				PRODUCT_NAME = "$(TARGET_NAME)";
			};
			name = Debug;
		};
		271884B51AC0CBFF0053C8AA /* Release */ = {
			isa = XCBuildConfiguration;
			buildSettings = {
				ASSETCATALOG_COMPILER_APPICON_NAME = AppIcon;
				INFOPLIST_FILE = "Untapped Rally/Info.plist";
				LD_RUNPATH_SEARCH_PATHS = "$(inherited) @executable_path/Frameworks";
				PRODUCT_NAME = "$(TARGET_NAME)";
			};
			name = Release;
		};
		271884B71AC0CBFF0053C8AA /* Debug */ = {
			isa = XCBuildConfiguration;
			buildSettings = {
				BUNDLE_LOADER = "$(TEST_HOST)";
				FRAMEWORK_SEARCH_PATHS = (
					"$(SDKROOT)/Developer/Library/Frameworks",
					"$(inherited)",
				);
				GCC_PREPROCESSOR_DEFINITIONS = (
					"DEBUG=1",
					"$(inherited)",
				);
				INFOPLIST_FILE = "Untapped RallyTests/Info.plist";
				LD_RUNPATH_SEARCH_PATHS = "$(inherited) @executable_path/Frameworks @loader_path/Frameworks";
				PRODUCT_NAME = "$(TARGET_NAME)";
				TEST_HOST = "$(BUILT_PRODUCTS_DIR)/Untapped Rally.app/Untapped Rally";
			};
			name = Debug;
		};
		271884B81AC0CBFF0053C8AA /* Release */ = {
			isa = XCBuildConfiguration;
			buildSettings = {
				BUNDLE_LOADER = "$(TEST_HOST)";
				FRAMEWORK_SEARCH_PATHS = (
					"$(SDKROOT)/Developer/Library/Frameworks",
					"$(inherited)",
				);
				INFOPLIST_FILE = "Untapped RallyTests/Info.plist";
				LD_RUNPATH_SEARCH_PATHS = "$(inherited) @executable_path/Frameworks @loader_path/Frameworks";
				PRODUCT_NAME = "$(TARGET_NAME)";
				TEST_HOST = "$(BUILT_PRODUCTS_DIR)/Untapped Rally.app/Untapped Rally";
			};
			name = Release;
		};
/* End XCBuildConfiguration section */

/* Begin XCConfigurationList section */
		2718848C1AC0CBFC0053C8AA /* Build configuration list for PBXProject "Untapped Rally" */ = {
			isa = XCConfigurationList;
			buildConfigurations = (
				271884B11AC0CBFF0053C8AA /* Debug */,
				271884B21AC0CBFF0053C8AA /* Release */,
			);
			defaultConfigurationIsVisible = 0;
			defaultConfigurationName = Release;
		};
		271884B31AC0CBFF0053C8AA /* Build configuration list for PBXNativeTarget "Untapped Rally" */ = {
			isa = XCConfigurationList;
			buildConfigurations = (
				271884B41AC0CBFF0053C8AA /* Debug */,
				271884B51AC0CBFF0053C8AA /* Release */,
			);
			defaultConfigurationIsVisible = 0;
		};
		271884B61AC0CBFF0053C8AA /* Build configuration list for PBXNativeTarget "Untapped RallyTests" */ = {
			isa = XCConfigurationList;
			buildConfigurations = (
				271884B71AC0CBFF0053C8AA /* Debug */,
				271884B81AC0CBFF0053C8AA /* Release */,
			);
			defaultConfigurationIsVisible = 0;
		};
/* End XCConfigurationList section */

/* Begin XCVersionGroup section */
		271884981AC0CBFD0053C8AA /* Untapped_Rally.xcdatamodeld */ = {
			isa = XCVersionGroup;
			children = (
				271884991AC0CBFE0053C8AA /* Untapped_Rally.xcdatamodel */,
			);
			currentVersion = 271884991AC0CBFE0053C8AA /* Untapped_Rally.xcdatamodel */;
			path = Untapped_Rally.xcdatamodeld;
			sourceTree = "<group>";
			versionGroupType = wrapper.xcdatamodel;
		};
/* End XCVersionGroup section */
	};
	rootObject = 271884891AC0CBFC0053C8AA /* Project object */;
}
